<?xml version="1.0" encoding="utf-8"?>
<Project ToolsVersion="4.0" xmlns="http://schemas.microsoft.com/developer/msbuild/2003">
  <ItemGroup>
    <ClCompile Include="CollisionMgr.cpp">
      <Filter>96. Manager</Filter>
    </ClCompile>
    <ClCompile Include="MainGame.cpp">
      <Filter>00. Maingame</Filter>
    </ClCompile>
    <ClCompile Include="ObjMgr.cpp">
      <Filter>96. Manager</Filter>
    </ClCompile>
    <ClCompile Include="슈퍼마리오.cpp">
      <Filter>99. Default</Filter>
    </ClCompile>
    <ClCompile Include="stdafx.cpp">
      <Filter>99. Default</Filter>
    </ClCompile>
    <ClCompile Include="Bullet.cpp">
      <Filter>01. Obj\04 Bullet</Filter>
    </ClCompile>
    <ClCompile Include="Coin.cpp">
      <Filter>01. Obj\06 Item</Filter>
    </ClCompile>
    <ClCompile Include="FireFlower.cpp">
      <Filter>01. Obj\01 Monster</Filter>
    </ClCompile>
    <ClCompile Include="FlowerMon.cpp">
      <Filter>01. Obj\01 Monster</Filter>
    </ClCompile>
    <ClCompile Include="GrowMushroom.cpp">
      <Filter>01. Obj\01 Monster</Filter>
    </ClCompile>
    <ClCompile Include="LifeMushroom.cpp">
      <Filter>01. Obj\01 Monster</Filter>
    </ClCompile>
    <ClCompile Include="Monster.cpp">
      <Filter>01. Obj\01 Monster</Filter>
    </ClCompile>
    <ClCompile Include="MonsterBullet.cpp">
      <Filter>01. Obj\05 MonsterBullet</Filter>
    </ClCompile>
    <ClCompile Include="NomalBlock.cpp">
      <Filter>01. Obj\02 Block</Filter>
    </ClCompile>
    <ClCompile Include="PlantBlock.cpp">
      <Filter>01. Obj\02 Block</Filter>
    </ClCompile>
    <ClCompile Include="Player.cpp">
      <Filter>01. Obj\03 Player</Filter>
    </ClCompile>
    <ClCompile Include="Obj.cpp">
      <Filter>01. Obj\00 Obj</Filter>
    </ClCompile>
    <ClCompile Include="Star.cpp">
      <Filter>01. Obj\06 Item</Filter>
    </ClCompile>
    <ClCompile Include="Line.cpp">
      <Filter>96. Manager</Filter>
    </ClCompile>
    <ClCompile Include="LineMgr.cpp">
      <Filter>96. Manager</Filter>
    </ClCompile>
    <ClCompile Include="Block.cpp" />
  </ItemGroup>
  <ItemGroup>
    <ClInclude Include="AbstractFactory.h">
      <Filter>97. Pattern</Filter>
    </ClInclude>
    <ClInclude Include="CollisionMgr.h">
      <Filter>96. Manager</Filter>
    </ClInclude>
    <ClInclude Include="Define.h">
      <Filter>98. Headers</Filter>
    </ClInclude>
    <ClInclude Include="Enum.h">
      <Filter>98. Headers</Filter>
    </ClInclude>
    <ClInclude Include="Extern.h">
      <Filter>98. Headers</Filter>
    </ClInclude>
    <ClInclude Include="MainGame.h">
      <Filter>00. Maingame</Filter>
    </ClInclude>
    <ClInclude Include="ObjMgr.h">
      <Filter>96. Manager</Filter>
    </ClInclude>
    <ClInclude Include="슈퍼마리오.h">
      <Filter>99. Default</Filter>
    </ClInclude>
    <ClInclude Include="stdafx.h">
      <Filter>99. Default</Filter>
    </ClInclude>
    <ClInclude Include="targetver.h">
      <Filter>99. Default</Filter>
    </ClInclude>
    <ClInclude Include="Resource.h">
      <Filter>99. Default</Filter>
    </ClInclude>
    <ClInclude Include="Struct.h">
      <Filter>98. Headers</Filter>
    </ClInclude>
    <ClInclude Include="Typedef.h">
      <Filter>98. Headers</Filter>
    </ClInclude>
    <ClInclude Include="Bullet.h">
      <Filter>01. Obj\04 Bullet</Filter>
    </ClInclude>
    <ClInclude Include="Coin.h">
      <Filter>01. Obj\06 Item</Filter>
    </ClInclude>
    <ClInclude Include="FireFlower.h">
      <Filter>01. Obj\01 Monster</Filter>
    </ClInclude>
    <ClInclude Include="FlowerMon.h">
      <Filter>01. Obj\01 Monster</Filter>
    </ClInclude>
    <ClInclude Include="GrowMushroom.h">
      <Filter>01. Obj\01 Monster</Filter>
    </ClInclude>
    <ClInclude Include="LifeMushroom.h">
      <Filter>01. Obj\01 Monster</Filter>
    </ClInclude>
    <ClInclude Include="Monster.h">
      <Filter>01. Obj\01 Monster</Filter>
    </ClInclude>
    <ClInclude Include="MonsterBullet.h">
      <Filter>01. Obj\05 MonsterBullet</Filter>
    </ClInclude>
    <ClInclude Include="NomalBlock.h">
      <Filter>01. Obj\02 Block</Filter>
    </ClInclude>
    <ClInclude Include="PlantBlock.h">
      <Filter>01. Obj\02 Block</Filter>
    </ClInclude>
    <ClInclude Include="Player.h">
      <Filter>01. Obj\03 Player</Filter>
    </ClInclude>
    <ClInclude Include="Obj.h">
      <Filter>01. Obj\00 Obj</Filter>
    </ClInclude>
    <ClInclude Include="Star.h">
      <Filter>01. Obj\06 Item</Filter>
    </ClInclude>
    <ClInclude Include="Line.h">
      <Filter>96. Manager</Filter>
    </ClInclude>
    <ClInclude Include="LineMgr.h">
      <Filter>96. Manager</Filter>
    </ClInclude>
    <ClInclude Include="Block.h" />
  </ItemGroup>
  <ItemGroup>
    <Image Include="슈퍼마리오.ico">
      <Filter>99. Default</Filter>
    </Image>
    <Image Include="small.ico">
      <Filter>99. Default</Filter>
    </Image>
  </ItemGroup>
  <ItemGroup>
    <Text Include="회의록.txt" />
    <Text Include="ReadMe.txt">
      <Filter>99. Default</Filter>
    </Text>
  </ItemGroup>
  <ItemGroup>
    <Filter Include="00. Maingame">
      <UniqueIdentifier>{da5f2af9-f5cf-48f6-b6e0-3c265bda8769}</UniqueIdentifier>
    </Filter>
    <Filter Include="01. Obj">
      <UniqueIdentifier>{5b8e570a-e660-4737-af69-1ee82b19eb4f}</UniqueIdentifier>
    </Filter>
    <Filter Include="99. Default">
      <UniqueIdentifier>{c3ebc40f-5cc2-45d3-ae2f-15b8103b6e10}</UniqueIdentifier>
    </Filter>
    <Filter Include="98. Headers">
      <UniqueIdentifier>{5edffc32-81c6-4acb-a4a1-5b390d2620fe}</UniqueIdentifier>
    </Filter>
    <Filter Include="97. Pattern">
      <UniqueIdentifier>{0f2654c1-379e-4a45-ad49-3c117b859f94}</UniqueIdentifier>
    </Filter>
    <Filter Include="96. Manager">
      <UniqueIdentifier>{d61d53fe-e814-40ad-b254-bdf39e8e41c7}</UniqueIdentifier>
    </Filter>
    <Filter Include="01. Obj\00 Obj">
      <UniqueIdentifier>{2bc8687a-8e90-4982-8910-45dd2afbc56c}</UniqueIdentifier>
    </Filter>
    <Filter Include="01. Obj\01 Monster">
      <UniqueIdentifier>{0f4f8e84-c648-4451-a5b7-082805877930}</UniqueIdentifier>
    </Filter>
    <Filter Include="01. Obj\02 Block">
      <UniqueIdentifier>{ad3a5978-5330-41bd-8099-72ea70f02aea}</UniqueIdentifier>
    </Filter>
    <Filter Include="01. Obj\03 Player">
      <UniqueIdentifier>{336a07d8-a1a8-46bf-8084-a8d2f82394fe}</UniqueIdentifier>
    </Filter>
    <Filter Include="01. Obj\04 Bullet">
      <UniqueIdentifier>{da15154e-0e99-4a97-a435-a0fc6b21adfa}</UniqueIdentifier>
    </Filter>
    <Filter Include="01. Obj\05 MonsterBullet">
      <UniqueIdentifier>{8f1481e2-3562-41fe-9ebe-71dd86541047}</UniqueIdentifier>
    </Filter>
    <Filter Include="01. Obj\06 Item">
      <UniqueIdentifier>{41e48c85-0c06-4f6f-a643-33097e7fa6f5}</UniqueIdentifier>
    </Filter>
  </ItemGroup>
  <ItemGroup>
    <ResourceCompile Include="슈퍼마리오.rc">
      <Filter>99. Default</Filter>
    </ResourceCompile>
  </ItemGroup>
</Project>